
Microsoft Visual Studio Solution File, Format Version 12.00
# Visual Studio Version 17
VisualStudioVersion = 17.14.36202.13
MinimumVisualStudioVersion = 10.0.40219.1
Project("{FAE04EC0-301F-11D3-BF4B-00C04F79EFBC}") = "Document Analyizer AI", "Document Analyizer AI.csproj", "{B97569B2-0177-41D9-B04F-22132EAE8B7C}"
EndProject
Project("{FAE04EC0-301F-11D3-BF4B-00C04F79EFBC}") = "AssertUtils", "..\AssertUtils\AssertUtils\AssertUtils.csproj", "{D4629626-BB61-4C61-69D4-3276BBA3F611}"
EndProject
Global
	GlobalSection(SolutionConfigurationPlatforms) = preSolution
		Debug|Any CPU = Debug|Any CPU
		Release|Any CPU = Release|Any CPU
	EndGlobalSection
	GlobalSection(ProjectConfigurationPlatforms) = postSolution
		{B97569B2-0177-41D9-B04F-22132EAE8B7C}.Debug|Any CPU.ActiveCfg = Debug|Any CPU
		{B97569B2-0177-41D9-B04F-22132EAE8B7C}.Debug|Any CPU.Build.0 = Debug|Any CPU
		{B97569B2-0177-41D9-B04F-22132EAE8B7C}.Release|Any CPU.ActiveCfg = Release|Any CPU
		{B97569B2-0177-41D9-B04F-22132EAE8B7C}.Release|Any CPU.Build.0 = Release|Any CPU
		{D4629626-BB61-4C61-69D4-3276BBA3F611}.Debug|Any CPU.ActiveCfg = Debug|Any CPU
		{D4629626-BB61-4C61-69D4-3276BBA3F611}.Debug|Any CPU.Build.0 = Debug|Any CPU
		{D4629626-BB61-4C61-69D4-3276BBA3F611}.Release|Any CPU.ActiveCfg = Release|Any CPU
		{D4629626-BB61-4C61-69D4-3276BBA3F611}.Release|Any CPU.Build.0 = Release|Any CPU
	EndGlobalSection
	GlobalSection(SolutionProperties) = preSolution
		HideSolutionNode = FALSE
	EndGlobalSection
	GlobalSection(ExtensibilityGlobals) = postSolution
		SolutionGuid = {674F6A73-A29C-474F-B991-2D64B7ECCEE7}
	EndGlobalSection
EndGlobal
